// !$*UTF8*$!
{
	archiveVersion = 1;
	classes = {
	};
	objectVersion = 46;
	objects = {

/* Begin PBXBuildFile section */
		DA8F45801954F97900075BD1 /* AppDelegate.swift in Sources */ = {isa = PBXBuildFile; fileRef = DA8F457F1954F97900075BD1 /* AppDelegate.swift */; };
		DA8F45821954F97900075BD1 /* MasterViewController.swift in Sources */ = {isa = PBXBuildFile; fileRef = DA8F45811954F97900075BD1 /* MasterViewController.swift */; };
		DA8F45871954F97900075BD1 /* Main.storyboard in Resources */ = {isa = PBXBuildFile; fileRef = DA8F45851954F97900075BD1 /* Main.storyboard */; };
		DA8F45891954F97900075BD1 /* Images.xcassets in Resources */ = {isa = PBXBuildFile; fileRef = DA8F45881954F97900075BD1 /* Images.xcassets */; };
		DA8F459F1954FADE00075BD1 /* STBTableViewIndex.swift in Sources */ = {isa = PBXBuildFile; fileRef = DA8F459E1954FADE00075BD1 /* STBTableViewIndex.swift */; };
		DAEFCAAE1B41B7CA0079AF32 /* STBTableViewIndex.strings in Resources */ = {isa = PBXBuildFile; fileRef = DAEFCAAB1B41B7CA0079AF32 /* STBTableViewIndex.strings */; };
/* End PBXBuildFile section */

/* Begin PBXFileReference section */
		DA8F457A1954F97800075BD1 /* IndexTest.app */ = {isa = PBXFileReference; explicitFileType = wrapper.application; includeInIndex = 0; path = IndexTest.app; sourceTree = BUILT_PRODUCTS_DIR; };
		DA8F457E1954F97900075BD1 /* Info.plist */ = {isa = PBXFileReference; lastKnownFileType = text.plist.xml; path = Info.plist; sourceTree = "<group>"; };
		DA8F457F1954F97900075BD1 /* AppDelegate.swift */ = {isa = PBXFileReference; lastKnownFileType = sourcecode.swift; path = AppDelegate.swift; sourceTree = "<group>"; };
		DA8F45811954F97900075BD1 /* MasterViewController.swift */ = {isa = PBXFileReference; lastKnownFileType = sourcecode.swift; path = MasterViewController.swift; sourceTree = "<group>"; };
		DA8F45861954F97900075BD1 /* Base */ = {isa = PBXFileReference; lastKnownFileType = file.storyboard; name = Base; path = Base.lproj/Main.storyboard; sourceTree = "<group>"; };
		DA8F45881954F97900075BD1 /* Images.xcassets */ = {isa = PBXFileReference; lastKnownFileType = folder.assetcatalog; path = Images.xcassets; sourceTree = "<group>"; };
		DA8F459E1954FADE00075BD1 /* STBTableViewIndex.swift */ = {isa = PBXFileReference; fileEncoding = 4; lastKnownFileType = sourcecode.swift; name = STBTableViewIndex.swift; path = ../STBTableViewIndex.swift; sourceTree = "<group>"; };
		DAEFCAAC1B41B7CA0079AF32 /* en */ = {isa = PBXFileReference; lastKnownFileType = text.plist.strings; name = en; path = en.lproj/STBTableViewIndex.strings; sourceTree = "<group>"; };
		DAEFCAAD1B41B7CA0079AF32 /* es */ = {isa = PBXFileReference; lastKnownFileType = text.plist.strings; name = es; path = es.lproj/STBTableViewIndex.strings; sourceTree = "<group>"; };
/* End PBXFileReference section */

/* Begin PBXFrameworksBuildPhase section */
		DA8F45771954F97800075BD1 /* Frameworks */ = {
			isa = PBXFrameworksBuildPhase;
			buildActionMask = 2147483647;
			files = (
			);
			runOnlyForDeploymentPostprocessing = 0;
		};
/* End PBXFrameworksBuildPhase section */

/* Begin PBXGroup section */
		DA8F45711954F97800075BD1 = {
			isa = PBXGroup;
			children = (
				DA8F459E1954FADE00075BD1 /* STBTableViewIndex.swift */,
				DAEFCAAA1B41B7CA0079AF32 /* Localizations */,
				DA8F457C1954F97800075BD1 /* IndexTest */,
				DA8F457B1954F97800075BD1 /* Products */,
			);
			sourceTree = "<group>";
		};
		DA8F457B1954F97800075BD1 /* Products */ = {
			isa = PBXGroup;
			children = (
				DA8F457A1954F97800075BD1 /* IndexTest.app */,
			);
			name = Products;
			sourceTree = "<group>";
		};
		DA8F457C1954F97800075BD1 /* IndexTest */ = {
			isa = PBXGroup;
			children = (
				DA8F457F1954F97900075BD1 /* AppDelegate.swift */,
				DA8F45811954F97900075BD1 /* MasterViewController.swift */,
				DA8F45851954F97900075BD1 /* Main.storyboard */,
				DA8F45881954F97900075BD1 /* Images.xcassets */,
				DA8F457D1954F97900075BD1 /* Supporting Files */,
			);
			path = IndexTest;
			sourceTree = "<group>";
		};
		DA8F457D1954F97900075BD1 /* Supporting Files */ = {
			isa = PBXGroup;
			children = (
				DA8F457E1954F97900075BD1 /* Info.plist */,
			);
			name = "Supporting Files";
			sourceTree = "<group>";
		};
		DAEFCAAA1B41B7CA0079AF32 /* Localizations */ = {
			isa = PBXGroup;
			children = (
				DAEFCAAB1B41B7CA0079AF32 /* STBTableViewIndex.strings */,
			);
			name = Localizations;
			path = ../Localizations;
			sourceTree = "<group>";
		};
/* End PBXGroup section */

/* Begin PBXNativeTarget section */
		DA8F45791954F97800075BD1 /* IndexTest */ = {
			isa = PBXNativeTarget;
			buildConfigurationList = DA8F45981954F97900075BD1 /* Build configuration list for PBXNativeTarget "IndexTest" */;
			buildPhases = (
				DA8F45761954F97800075BD1 /* Sources */,
				DA8F45771954F97800075BD1 /* Frameworks */,
				DA8F45781954F97800075BD1 /* Resources */,
			);
			buildRules = (
			);
			dependencies = (
			);
			name = IndexTest;
			productName = IndexTest;
			productReference = DA8F457A1954F97800075BD1 /* IndexTest.app */;
			productType = "com.apple.product-type.application";
		};
/* End PBXNativeTarget section */

/* Begin PBXProject section */
		DA8F45721954F97800075BD1 /* Project object */ = {
			isa = PBXProject;
			attributes = {
				LastSwiftMigration = 0710;
				LastSwiftUpdateCheck = 0710;
				LastUpgradeCheck = 0900;
				ORGANIZATIONNAME = "Techno-Magic";
				TargetAttributes = {
					DA8F45791954F97800075BD1 = {
						CreatedOnToolsVersion = 6.0;
						LastSwiftMigration = 0900;
					};
				};
			};
			buildConfigurationList = DA8F45751954F97800075BD1 /* Build configuration list for PBXProject "IndexTest" */;
			compatibilityVersion = "Xcode 3.2";
			developmentRegion = English;
			hasScannedForEncodings = 0;
			knownRegions = (
				en,
				Base,
				es,
			);
			mainGroup = DA8F45711954F97800075BD1;
			productRefGroup = DA8F457B1954F97800075BD1 /* Products */;
			projectDirPath = "";
			projectRoot = "";
			targets = (
				DA8F45791954F97800075BD1 /* IndexTest */,
			);
		};
/* End PBXProject section */

/* Begin PBXResourcesBuildPhase section */
		DA8F45781954F97800075BD1 /* Resources */ = {
			isa = PBXResourcesBuildPhase;
			buildActionMask = 2147483647;
			files = (
				DAEFCAAE1B41B7CA0079AF32 /* STBTableViewIndex.strings in Resources */,
				DA8F45871954F97900075BD1 /* Main.storyboard in Resources */,
				DA8F45891954F97900075BD1 /* Images.xcassets in Resources */,
			);
			runOnlyForDeploymentPostprocessing = 0;
		};
/* End PBXResourcesBuildPhase section */

/* Begin PBXSourcesBuildPhase section */
		DA8F45761954F97800075BD1 /* Sources */ = {
			isa = PBXSourcesBuildPhase;
			buildActionMask = 2147483647;
			files = (
				DA8F45821954F97900075BD1 /* MasterViewController.swift in Sources */,
				DA8F459F1954FADE00075BD1 /* STBTableViewIndex.swift in Sources */,
				DA8F45801954F97900075BD1 /* AppDelegate.swift in Sources */,
			);
			runOnlyForDeploymentPostprocessing = 0;
		};
/* End PBXSourcesBuildPhase section */

/* Begin PBXVariantGroup section */
		DA8F45851954F97900075BD1 /* Main.storyboard */ = {
			isa = PBXVariantGroup;
			children = (
				DA8F45861954F97900075BD1 /* Base */,
			);
			name = Main.storyboard;
			sourceTree = "<group>";
		};
		DAEFCAAB1B41B7CA0079AF32 /* STBTableViewIndex.strings */ = {
			isa = PBXVariantGroup;
			children = (
				DAEFCAAC1B41B7CA0079AF32 /* en */,
				DAEFCAAD1B41B7CA0079AF32 /* es */,
			);
			name = STBTableViewIndex.strings;
			sourceTree = "<group>";
		};
/* End PBXVariantGroup section */

/* Begin XCBuildConfiguration section */
		DA8F45961954F97900075BD1 /* Debug */ = {
			isa = XCBuildConfiguration;
			buildSettings = {
				ALWAYS_SEARCH_USER_PATHS = NO;
				CLANG_ANALYZER_LOCALIZABILITY_NONLOCALIZED = YES;
				CLANG_CXX_LANGUAGE_STANDARD = "gnu++0x";
				CLANG_CXX_LIBRARY = "libc++";
				CLANG_ENABLE_MODULES = YES;
				CLANG_ENABLE_OBJC_ARC = YES;
				CLANG_WARN_BLOCK_CAPTURE_AUTORELEASING = YES;
				CLANG_WARN_BOOL_CONVERSION = YES;
				CLANG_WARN_COMMA = YES;
				CLANG_WARN_CONSTANT_CONVERSION = YES;
				CLANG_WARN_DIRECT_OBJC_ISA_USAGE = YES_ERROR;
				CLANG_WARN_EMPTY_BODY = YES;
				CLANG_WARN_ENUM_CONVERSION = YES;
				CLANG_WARN_INFINITE_RECURSION = YES;
				CLANG_WARN_INT_CONVERSION = YES;
				CLANG_WARN_NON_LITERAL_NULL_CONVERSION = YES;
				CLANG_WARN_OBJC_LITERAL_CONVERSION = YES;
				CLANG_WARN_OBJC_ROOT_CLASS = YES_ERROR;
				CLANG_WARN_RANGE_LOOP_ANALYSIS = YES;
				CLANG_WARN_STRICT_PROTOTYPES = YES;
				CLANG_WARN_SUSPICIOUS_MOVE = YES;
				CLANG_WARN_UNREACHABLE_CODE = YES;
				CLANG_WARN__DUPLICATE_METHOD_MATCH = YES;
				"CODE_SIGN_IDENTITY[sdk=iphoneos*]" = "iPhone Developer";
				COPY_PHASE_STRIP = NO;
				ENABLE_STRICT_OBJC_MSGSEND = YES;
				ENABLE_TESTABILITY = YES;
				GCC_C_LANGUAGE_STANDARD = gnu99;
				GCC_DYNAMIC_NO_PIC = NO;
				GCC_NO_COMMON_BLOCKS = YES;
				GCC_OPTIMIZATION_LEVEL = 0;
				GCC_PREPROCESSOR_DEFINITIONS = (
					"DEBUG=1",
					"$(inherited)",
				);
				GCC_SYMBOLS_PRIVATE_EXTERN = NO;
				GCC_WARN_64_TO_32_BIT_CONVERSION = YES;
				GCC_WARN_ABOUT_RETURN_TYPE = YES_ERROR;
				GCC_WARN_UNDECLARED_SELECTOR = YES;
				GCC_WARN_UNINITIALIZED_AUTOS = YES_AGGRESSIVE;
				GCC_WARN_UNUSED_FUNCTION = YES;
				GCC_WARN_UNUSED_VARIABLE = YES;
				IPHONEOS_DEPLOYMENT_TARGET = 8.0;
				METAL_ENABLE_DEBUG_INFO = YES;
				ONLY_ACTIVE_ARCH = YES;
				SDKROOT = iphoneos;
				SWIFT_OPTIMIZATION_LEVEL = "-Onone";
			};
			name = Debug;
		};
		DA8F45971954F97900075BD1 /* Release */ = {
			isa = XCBuildConfiguration;
			buildSettings = {
				ALWAYS_SEARCH_USER_PATHS = NO;
				CLANG_ANALYZER_LOCALIZABILITY_NONLOCALIZED = YES;
				CLANG_CXX_LANGUAGE_STANDARD = "gnu++0x";
				CLANG_CXX_LIBRARY = "libc++";
				CLANG_ENABLE_MODULES = YES;
				CLANG_ENABLE_OBJC_ARC = YES;
				CLANG_WARN_BLOCK_CAPTURE_AUTORELEASING = YES;
				CLANG_WARN_BOOL_CONVERSION = YES;
				CLANG_WARN_COMMA = YES;
				CLANG_WARN_CONSTANT_CONVERSION = YES;
				CLANG_WARN_DIRECT_OBJC_ISA_USAGE = YES_ERROR;
				CLANG_WARN_EMPTY_BODY = YES;
				CLANG_WARN_ENUM_CONVERSION = YES;
				CLANG_WARN_INFINITE_RECURSION = YES;
				CLANG_WARN_INT_CONVERSION = YES;
				CLANG_WARN_NON_LITERAL_NULL_CONVERSION = YES;
				CLANG_WARN_OBJC_LITERAL_CONVERSION = YES;
				CLANG_WARN_OBJC_ROOT_CLASS = YES_ERROR;
				CLANG_WARN_RANGE_LOOP_ANALYSIS = YES;
				CLANG_WARN_STRICT_PROTOTYPES = YES;
				CLANG_WARN_SUSPICIOUS_MOVE = YES;
				CLANG_WARN_UNREACHABLE_CODE = YES;
				CLANG_WARN__DUPLICATE_METHOD_MATCH = YES;
				"CODE_SIGN_IDENTITY[sdk=iphoneos*]" = "iPhone Developer";
				COPY_PHASE_STRIP = YES;
				ENABLE_NS_ASSERTIONS = NO;
				ENABLE_STRICT_OBJC_MSGSEND = YES;
				GCC_C_LANGUAGE_STANDARD = gnu99;
				GCC_NO_COMMON_BLOCKS = YES;
				GCC_WARN_64_TO_32_BIT_CONVERSION = YES;
				GCC_WARN_ABOUT_RETURN_TYPE = YES_ERROR;
				GCC_WARN_UNDECLARED_SELECTOR = YES;
				GCC_WARN_UNINITIALIZED_AUTOS = YES_AGGRESSIVE;
				GCC_WARN_UNUSED_FUNCTION = YES;
				GCC_WARN_UNUSED_VARIABLE = YES;
				IPHONEOS_DEPLOYMENT_TARGET = 8.0;
				METAL_ENABLE_DEBUG_INFO = NO;
				SDKROOT = iphoneos;
				SWIFT_OPTIMIZATION_LEVEL = "-Owholemodule";
				VALIDATE_PRODUCT = YES;
			};
			name = Release;
		};
		DA8F45991954F97900075BD1 /* Debug */ = {
			isa = XCBuildConfiguration;
			buildSettings = {
				ASSETCATALOG_COMPILER_APPICON_NAME = AppIcon;
				ASSETCATALOG_COMPILER_LAUNCHIMAGE_NAME = LaunchImage;
				INFOPLIST_FILE = IndexTest/Info.plist;
				LD_RUNPATH_SEARCH_PATHS = "$(inherited) @executable_path/Frameworks";
				PRODUCT_BUNDLE_IDENTIFIER = "com.nicolasgomollon.${PRODUCT_NAME:rfc1034identifier}";
				PRODUCT_NAME = "$(TARGET_NAME)";
				SWIFT_SWIFT3_OBJC_INFERENCE = Off;
				SWIFT_VERSION = 4.0;
			};
			name = Debug;
		};
		DA8F459A1954F97900075BD1 /* Release */ = {
			isa = XCBuildConfiguration;
			buildSettings = {
				ASSETCATALOG_COMPILER_APPICON_NAME = AppIcon;
				ASSETCATALOG_COMPILER_LAUNCHIMAGE_NAME = LaunchImage;
				INFOPLIST_FILE = IndexTest/Info.plist;
				LD_RUNPATH_SEARCH_PATHS = "$(inherited) @executable_path/Frameworks";
				PRODUCT_BUNDLE_IDENTIFIER = "com.nicolasgomollon.${PRODUCT_NAME:rfc1034identifier}";
				PRODUCT_NAME = "$(TARGET_NAME)";
				SWIFT_SWIFT3_OBJC_INFERENCE = Off;
				SWIFT_VERSION = 4.0;
			};
			name = Release;
		};
/* End XCBuildConfiguration section */

/* Begin XCConfigurationList section */
		DA8F45751954F97800075BD1 /* Build configuration list for PBXProject "IndexTest" */ = {
			isa = XCConfigurationList;
			buildConfigurations = (
				DA8F45961954F97900075BD1 /* Debug */,
				DA8F45971954F97900075BD1 /* Release */,
			);
			defaultConfigurationIsVisible = 0;
			defaultConfigurationName = Release;
		};
		DA8F45981954F97900075BD1 /* Build configuration list for PBXNativeTarget "IndexTest" */ = {
			isa = XCConfigurationList;
			buildConfigurations = (
				DA8F45991954F97900075BD1 /* Debug */,
				DA8F459A1954F97900075BD1 /* Release */,
			);
			defaultConfigurationIsVisible = 0;
			defaultConfigurationName = Release;
		};
/* End XCConfigurationList section */
	};
	rootObject = DA8F45721954F97800075BD1 /* Project object */;
}
